
Microsoft Visual Studio Solution File, Format Version 12.00
# Visual Studio Version 17
VisualStudioVersion = 17.0.31903.59
MinimumVisualStudioVersion = 10.0.40219.1
Project("{2150E333-8FDC-42A3-9474-1A3956D46DE8}") = "src", "src", "{827E0CD3-B72D-47B6-A68D-7590B98EB39B}"
EndProject
Project("{FAE04EC0-301F-11D3-BF4B-00C04F79EFBC}") = "DocumentForge.Core", "src\DocumentForge.Core\DocumentForge.Core.csproj", "{C18F900B-A8E6-4138-9AEA-3CA2CE1CC558}"
EndProject
Project("{FAE04EC0-301F-11D3-BF4B-00C04F79EFBC}") = "DocumentForge.Storage", "src\DocumentForge.Storage\DocumentForge.Storage.csproj", "{033F1CEA-279A-494E-A6EF-35A0BB741D48}"
EndProject
Project("{FAE04EC0-301F-11D3-BF4B-00C04F79EFBC}") = "DocumentForge.Document", "src\DocumentForge.Document\DocumentForge.Document.csproj", "{49AD31D9-F397-4232-A52B-37C40F0D0D6E}"
EndProject
Project("{FAE04EC0-301F-11D3-BF4B-00C04F79EFBC}") = "DocumentForge.Index", "src\DocumentForge.Index\DocumentForge.Index.csproj", "{5E55EE32-62AC-4A7B-AA68-0F3A34163909}"
EndProject
Project("{FAE04EC0-301F-11D3-BF4B-00C04F79EFBC}") = "DocumentForge.Query", "src\DocumentForge.Query\DocumentForge.Query.csproj", "{414E9067-FC20-4B92-B911-9F492690AF21}"
EndProject
Project("{FAE04EC0-301F-11D3-BF4B-00C04F79EFBC}") = "DocumentForge.Transactions", "src\DocumentForge.Transactions\DocumentForge.Transactions.csproj", "{13A8AA07-FB72-4154-A25C-BEDBBB15BFDD}"
EndProject
Project("{FAE04EC0-301F-11D3-BF4B-00C04F79EFBC}") = "DocumentForge.Engine", "src\DocumentForge.Engine\DocumentForge.Engine.csproj", "{0122D544-8533-48DE-82C6-BED908D56337}"
EndProject
Project("{FAE04EC0-301F-11D3-BF4B-00C04F79EFBC}") = "DocumentForge.Tests", "tests\DocumentForge.Tests\DocumentForge.Tests.csproj", "{CC490460-0CDF-41CD-B205-0FC69A2F676B}"
EndProject
Project("{FAE04EC0-301F-11D3-BF4B-00C04F79EFBC}") = "DocumentForge.AirlineDemo", "samples\DocumentForge.AirlineDemo\DocumentForge.AirlineDemo.csproj", "{345D51F8-7E69-4B19-9CAF-9A4ACD0EFEBE}"
EndProject
Project("{2150E333-8FDC-42A3-9474-1A3956D46DE8}") = "samples", "samples", "{5D20AA90-6969-D8BD-9DCD-8634F4692FDA}"
EndProject
Project("{FAE04EC0-301F-11D3-BF4B-00C04F79EFBC}") = "DocumentForge.Repl", "samples\DocumentForge.Repl\DocumentForge.Repl.csproj", "{1BBC3822-022F-4DE4-AFE4-FD9B9D244DED}"
EndProject
Project("{FAE04EC0-301F-11D3-BF4B-00C04F79EFBC}") = "DocumentForge.Api", "samples\DocumentForge.Api\DocumentForge.Api.csproj", "{2478ECF8-5415-45F3-97C5-CC3EA539D13F}"
EndProject
Project("{FAE04EC0-301F-11D3-BF4B-00C04F79EFBC}") = "DocumentForge.Benchmark", "samples\DocumentForge.Benchmark\DocumentForge.Benchmark.csproj", "{147D331A-804B-4298-BFFE-F2A367022584}"
EndProject
Project("{FAE04EC0-301F-11D3-BF4B-00C04F79EFBC}") = "DocumentForge.Ctl", "samples\DocumentForge.Ctl\DocumentForge.Ctl.csproj", "{D516B3E2-5A23-426A-9324-88B143712692}"
EndProject
Project("{FAE04EC0-301F-11D3-BF4B-00C04F79EFBC}") = "DocumentForge.Cli", "src\DocumentForge.Cli\DocumentForge.Cli.csproj", "{AF8FC952-6BFF-4F37-87E4-B75F5DA9BFC6}"
EndProject
Global
	GlobalSection(SolutionConfigurationPlatforms) = preSolution
		Debug|Any CPU = Debug|Any CPU
		Debug|x64 = Debug|x64
		Debug|x86 = Debug|x86
		Release|Any CPU = Release|Any CPU
		Release|x64 = Release|x64
		Release|x86 = Release|x86
	EndGlobalSection
	GlobalSection(ProjectConfigurationPlatforms) = postSolution
		{C18F900B-A8E6-4138-9AEA-3CA2CE1CC558}.Debug|Any CPU.ActiveCfg = Debug|Any CPU
		{C18F900B-A8E6-4138-9AEA-3CA2CE1CC558}.Debug|Any CPU.Build.0 = Debug|Any CPU
		{C18F900B-A8E6-4138-9AEA-3CA2CE1CC558}.Debug|x64.ActiveCfg = Debug|Any CPU
		{C18F900B-A8E6-4138-9AEA-3CA2CE1CC558}.Debug|x64.Build.0 = Debug|Any CPU
		{C18F900B-A8E6-4138-9AEA-3CA2CE1CC558}.Debug|x86.ActiveCfg = Debug|Any CPU
		{C18F900B-A8E6-4138-9AEA-3CA2CE1CC558}.Debug|x86.Build.0 = Debug|Any CPU
		{C18F900B-A8E6-4138-9AEA-3CA2CE1CC558}.Release|Any CPU.ActiveCfg = Release|Any CPU
		{C18F900B-A8E6-4138-9AEA-3CA2CE1CC558}.Release|Any CPU.Build.0 = Release|Any CPU
		{C18F900B-A8E6-4138-9AEA-3CA2CE1CC558}.Release|x64.ActiveCfg = Release|Any CPU
		{C18F900B-A8E6-4138-9AEA-3CA2CE1CC558}.Release|x64.Build.0 = Release|Any CPU
		{C18F900B-A8E6-4138-9AEA-3CA2CE1CC558}.Release|x86.ActiveCfg = Release|Any CPU
		{C18F900B-A8E6-4138-9AEA-3CA2CE1CC558}.Release|x86.Build.0 = Release|Any CPU
		{033F1CEA-279A-494E-A6EF-35A0BB741D48}.Debug|Any CPU.ActiveCfg = Debug|Any CPU
		{033F1CEA-279A-494E-A6EF-35A0BB741D48}.Debug|Any CPU.Build.0 = Debug|Any CPU
		{033F1CEA-279A-494E-A6EF-35A0BB741D48}.Debug|x64.ActiveCfg = Debug|Any CPU
		{033F1CEA-279A-494E-A6EF-35A0BB741D48}.Debug|x64.Build.0 = Debug|Any CPU
		{033F1CEA-279A-494E-A6EF-35A0BB741D48}.Debug|x86.ActiveCfg = Debug|Any CPU
		{033F1CEA-279A-494E-A6EF-35A0BB741D48}.Debug|x86.Build.0 = Debug|Any CPU
		{033F1CEA-279A-494E-A6EF-35A0BB741D48}.Release|Any CPU.ActiveCfg = Release|Any CPU
		{033F1CEA-279A-494E-A6EF-35A0BB741D48}.Release|Any CPU.Build.0 = Release|Any CPU
		{033F1CEA-279A-494E-A6EF-35A0BB741D48}.Release|x64.ActiveCfg = Release|Any CPU
		{033F1CEA-279A-494E-A6EF-35A0BB741D48}.Release|x64.Build.0 = Release|Any CPU
		{033F1CEA-279A-494E-A6EF-35A0BB741D48}.Release|x86.ActiveCfg = Release|Any CPU
		{033F1CEA-279A-494E-A6EF-35A0BB741D48}.Release|x86.Build.0 = Release|Any CPU
		{49AD31D9-F397-4232-A52B-37C40F0D0D6E}.Debug|Any CPU.ActiveCfg = Debug|Any CPU
		{49AD31D9-F397-4232-A52B-37C40F0D0D6E}.Debug|Any CPU.Build.0 = Debug|Any CPU
		{49AD31D9-F397-4232-A52B-37C40F0D0D6E}.Debug|x64.ActiveCfg = Debug|Any CPU
		{49AD31D9-F397-4232-A52B-37C40F0D0D6E}.Debug|x64.Build.0 = Debug|Any CPU
		{49AD31D9-F397-4232-A52B-37C40F0D0D6E}.Debug|x86.ActiveCfg = Debug|Any CPU
		{49AD31D9-F397-4232-A52B-37C40F0D0D6E}.Debug|x86.Build.0 = Debug|Any CPU
		{49AD31D9-F397-4232-A52B-37C40F0D0D6E}.Release|Any CPU.ActiveCfg = Release|Any CPU
		{49AD31D9-F397-4232-A52B-37C40F0D0D6E}.Release|Any CPU.Build.0 = Release|Any CPU
		{49AD31D9-F397-4232-A52B-37C40F0D0D6E}.Release|x64.ActiveCfg = Release|Any CPU
		{49AD31D9-F397-4232-A52B-37C40F0D0D6E}.Release|x64.Build.0 = Release|Any CPU
		{49AD31D9-F397-4232-A52B-37C40F0D0D6E}.Release|x86.ActiveCfg = Release|Any CPU
		{49AD31D9-F397-4232-A52B-37C40F0D0D6E}.Release|x86.Build.0 = Release|Any CPU
		{5E55EE32-62AC-4A7B-AA68-0F3A34163909}.Debug|Any CPU.ActiveCfg = Debug|Any CPU
		{5E55EE32-62AC-4A7B-AA68-0F3A34163909}.Debug|Any CPU.Build.0 = Debug|Any CPU
		{5E55EE32-62AC-4A7B-AA68-0F3A34163909}.Debug|x64.ActiveCfg = Debug|Any CPU
		{5E55EE32-62AC-4A7B-AA68-0F3A34163909}.Debug|x64.Build.0 = Debug|Any CPU
		{5E55EE32-62AC-4A7B-AA68-0F3A34163909}.Debug|x86.ActiveCfg = Debug|Any CPU
		{5E55EE32-62AC-4A7B-AA68-0F3A34163909}.Debug|x86.Build.0 = Debug|Any CPU
		{5E55EE32-62AC-4A7B-AA68-0F3A34163909}.Release|Any CPU.ActiveCfg = Release|Any CPU
		{5E55EE32-62AC-4A7B-AA68-0F3A34163909}.Release|Any CPU.Build.0 = Release|Any CPU
		{5E55EE32-62AC-4A7B-AA68-0F3A34163909}.Release|x64.ActiveCfg = Release|Any CPU
		{5E55EE32-62AC-4A7B-AA68-0F3A34163909}.Release|x64.Build.0 = Release|Any CPU
		{5E55EE32-62AC-4A7B-AA68-0F3A34163909}.Release|x86.ActiveCfg = Release|Any CPU
		{5E55EE32-62AC-4A7B-AA68-0F3A34163909}.Release|x86.Build.0 = Release|Any CPU
		{414E9067-FC20-4B92-B911-9F492690AF21}.Debug|Any CPU.ActiveCfg = Debug|Any CPU
		{414E9067-FC20-4B92-B911-9F492690AF21}.Debug|Any CPU.Build.0 = Debug|Any CPU
		{414E9067-FC20-4B92-B911-9F492690AF21}.Debug|x64.ActiveCfg = Debug|Any CPU
		{414E9067-FC20-4B92-B911-9F492690AF21}.Debug|x64.Build.0 = Debug|Any CPU
		{414E9067-FC20-4B92-B911-9F492690AF21}.Debug|x86.ActiveCfg = Debug|Any CPU
		{414E9067-FC20-4B92-B911-9F492690AF21}.Debug|x86.Build.0 = Debug|Any CPU
		{414E9067-FC20-4B92-B911-9F492690AF21}.Release|Any CPU.ActiveCfg = Release|Any CPU
		{414E9067-FC20-4B92-B911-9F492690AF21}.Release|Any CPU.Build.0 = Release|Any CPU
		{414E9067-FC20-4B92-B911-9F492690AF21}.Release|x64.ActiveCfg = Release|Any CPU
		{414E9067-FC20-4B92-B911-9F492690AF21}.Release|x64.Build.0 = Release|Any CPU
		{414E9067-FC20-4B92-B911-9F492690AF21}.Release|x86.ActiveCfg = Release|Any CPU
		{414E9067-FC20-4B92-B911-9F492690AF21}.Release|x86.Build.0 = Release|Any CPU
		{13A8AA07-FB72-4154-A25C-BEDBBB15BFDD}.Debug|Any CPU.ActiveCfg = Debug|Any CPU
		{13A8AA07-FB72-4154-A25C-BEDBBB15BFDD}.Debug|Any CPU.Build.0 = Debug|Any CPU
		{13A8AA07-FB72-4154-A25C-BEDBBB15BFDD}.Debug|x64.ActiveCfg = Debug|Any CPU
		{13A8AA07-FB72-4154-A25C-BEDBBB15BFDD}.Debug|x64.Build.0 = Debug|Any CPU
		{13A8AA07-FB72-4154-A25C-BEDBBB15BFDD}.Debug|x86.ActiveCfg = Debug|Any CPU
		{13A8AA07-FB72-4154-A25C-BEDBBB15BFDD}.Debug|x86.Build.0 = Debug|Any CPU
		{13A8AA07-FB72-4154-A25C-BEDBBB15BFDD}.Release|Any CPU.ActiveCfg = Release|Any CPU
		{13A8AA07-FB72-4154-A25C-BEDBBB15BFDD}.Release|Any CPU.Build.0 = Release|Any CPU
		{13A8AA07-FB72-4154-A25C-BEDBBB15BFDD}.Release|x64.ActiveCfg = Release|Any CPU
		{13A8AA07-FB72-4154-A25C-BEDBBB15BFDD}.Release|x64.Build.0 = Release|Any CPU
		{13A8AA07-FB72-4154-A25C-BEDBBB15BFDD}.Release|x86.ActiveCfg = Release|Any CPU
		{13A8AA07-FB72-4154-A25C-BEDBBB15BFDD}.Release|x86.Build.0 = Release|Any CPU
		{0122D544-8533-48DE-82C6-BED908D56337}.Debug|Any CPU.ActiveCfg = Debug|Any CPU
		{0122D544-8533-48DE-82C6-BED908D56337}.Debug|Any CPU.Build.0 = Debug|Any CPU
		{0122D544-8533-48DE-82C6-BED908D56337}.Debug|x64.ActiveCfg = Debug|Any CPU
		{0122D544-8533-48DE-82C6-BED908D56337}.Debug|x64.Build.0 = Debug|Any CPU
		{0122D544-8533-48DE-82C6-BED908D56337}.Debug|x86.ActiveCfg = Debug|Any CPU
		{0122D544-8533-48DE-82C6-BED908D56337}.Debug|x86.Build.0 = Debug|Any CPU
		{0122D544-8533-48DE-82C6-BED908D56337}.Release|Any CPU.ActiveCfg = Release|Any CPU
		{0122D544-8533-48DE-82C6-BED908D56337}.Release|Any CPU.Build.0 = Release|Any CPU
		{0122D544-8533-48DE-82C6-BED908D56337}.Release|x64.ActiveCfg = Release|Any CPU
		{0122D544-8533-48DE-82C6-BED908D56337}.Release|x64.Build.0 = Release|Any CPU
		{0122D544-8533-48DE-82C6-BED908D56337}.Release|x86.ActiveCfg = Release|Any CPU
		{0122D544-8533-48DE-82C6-BED908D56337}.Release|x86.Build.0 = Release|Any CPU
		{CC490460-0CDF-41CD-B205-0FC69A2F676B}.Debug|Any CPU.ActiveCfg = Debug|Any CPU
		{CC490460-0CDF-41CD-B205-0FC69A2F676B}.Debug|Any CPU.Build.0 = Debug|Any CPU
		{CC490460-0CDF-41CD-B205-0FC69A2F676B}.Debug|x64.ActiveCfg = Debug|Any CPU
		{CC490460-0CDF-41CD-B205-0FC69A2F676B}.Debug|x64.Build.0 = Debug|Any CPU
		{CC490460-0CDF-41CD-B205-0FC69A2F676B}.Debug|x86.ActiveCfg = Debug|Any CPU
		{CC490460-0CDF-41CD-B205-0FC69A2F676B}.Debug|x86.Build.0 = Debug|Any CPU
		{CC490460-0CDF-41CD-B205-0FC69A2F676B}.Release|Any CPU.ActiveCfg = Release|Any CPU
		{CC490460-0CDF-41CD-B205-0FC69A2F676B}.Release|Any CPU.Build.0 = Release|Any CPU
		{CC490460-0CDF-41CD-B205-0FC69A2F676B}.Release|x64.ActiveCfg = Release|Any CPU
		{CC490460-0CDF-41CD-B205-0FC69A2F676B}.Release|x64.Build.0 = Release|Any CPU
		{CC490460-0CDF-41CD-B205-0FC69A2F676B}.Release|x86.ActiveCfg = Release|Any CPU
		{CC490460-0CDF-41CD-B205-0FC69A2F676B}.Release|x86.Build.0 = Release|Any CPU
		{345D51F8-7E69-4B19-9CAF-9A4ACD0EFEBE}.Debug|Any CPU.ActiveCfg = Debug|Any CPU
		{345D51F8-7E69-4B19-9CAF-9A4ACD0EFEBE}.Debug|Any CPU.Build.0 = Debug|Any CPU
		{345D51F8-7E69-4B19-9CAF-9A4ACD0EFEBE}.Debug|x64.ActiveCfg = Debug|Any CPU
		{345D51F8-7E69-4B19-9CAF-9A4ACD0EFEBE}.Debug|x64.Build.0 = Debug|Any CPU
		{345D51F8-7E69-4B19-9CAF-9A4ACD0EFEBE}.Debug|x86.ActiveCfg = Debug|Any CPU
		{345D51F8-7E69-4B19-9CAF-9A4ACD0EFEBE}.Debug|x86.Build.0 = Debug|Any CPU
		{345D51F8-7E69-4B19-9CAF-9A4ACD0EFEBE}.Release|Any CPU.ActiveCfg = Release|Any CPU
		{345D51F8-7E69-4B19-9CAF-9A4ACD0EFEBE}.Release|Any CPU.Build.0 = Release|Any CPU
		{345D51F8-7E69-4B19-9CAF-9A4ACD0EFEBE}.Release|x64.ActiveCfg = Release|Any CPU
		{345D51F8-7E69-4B19-9CAF-9A4ACD0EFEBE}.Release|x64.Build.0 = Release|Any CPU
		{345D51F8-7E69-4B19-9CAF-9A4ACD0EFEBE}.Release|x86.ActiveCfg = Release|Any CPU
		{345D51F8-7E69-4B19-9CAF-9A4ACD0EFEBE}.Release|x86.Build.0 = Release|Any CPU
		{1BBC3822-022F-4DE4-AFE4-FD9B9D244DED}.Debug|Any CPU.ActiveCfg = Debug|Any CPU
		{1BBC3822-022F-4DE4-AFE4-FD9B9D244DED}.Debug|Any CPU.Build.0 = Debug|Any CPU
		{1BBC3822-022F-4DE4-AFE4-FD9B9D244DED}.Debug|x64.ActiveCfg = Debug|Any CPU
		{1BBC3822-022F-4DE4-AFE4-FD9B9D244DED}.Debug|x64.Build.0 = Debug|Any CPU
		{1BBC3822-022F-4DE4-AFE4-FD9B9D244DED}.Debug|x86.ActiveCfg = Debug|Any CPU
		{1BBC3822-022F-4DE4-AFE4-FD9B9D244DED}.Debug|x86.Build.0 = Debug|Any CPU
		{1BBC3822-022F-4DE4-AFE4-FD9B9D244DED}.Release|Any CPU.ActiveCfg = Release|Any CPU
		{1BBC3822-022F-4DE4-AFE4-FD9B9D244DED}.Release|Any CPU.Build.0 = Release|Any CPU
		{1BBC3822-022F-4DE4-AFE4-FD9B9D244DED}.Release|x64.ActiveCfg = Release|Any CPU
		{1BBC3822-022F-4DE4-AFE4-FD9B9D244DED}.Release|x64.Build.0 = Release|Any CPU
		{1BBC3822-022F-4DE4-AFE4-FD9B9D244DED}.Release|x86.ActiveCfg = Release|Any CPU
		{1BBC3822-022F-4DE4-AFE4-FD9B9D244DED}.Release|x86.Build.0 = Release|Any CPU
		{2478ECF8-5415-45F3-97C5-CC3EA539D13F}.Debug|Any CPU.ActiveCfg = Debug|Any CPU
		{2478ECF8-5415-45F3-97C5-CC3EA539D13F}.Debug|Any CPU.Build.0 = Debug|Any CPU
		{2478ECF8-5415-45F3-97C5-CC3EA539D13F}.Debug|x64.ActiveCfg = Debug|Any CPU
		{2478ECF8-5415-45F3-97C5-CC3EA539D13F}.Debug|x64.Build.0 = Debug|Any CPU
		{2478ECF8-5415-45F3-97C5-CC3EA539D13F}.Debug|x86.ActiveCfg = Debug|Any CPU
		{2478ECF8-5415-45F3-97C5-CC3EA539D13F}.Debug|x86.Build.0 = Debug|Any CPU
		{2478ECF8-5415-45F3-97C5-CC3EA539D13F}.Release|Any CPU.ActiveCfg = Release|Any CPU
		{2478ECF8-5415-45F3-97C5-CC3EA539D13F}.Release|Any CPU.Build.0 = Release|Any CPU
		{2478ECF8-5415-45F3-97C5-CC3EA539D13F}.Release|x64.ActiveCfg = Release|Any CPU
		{2478ECF8-5415-45F3-97C5-CC3EA539D13F}.Release|x64.Build.0 = Release|Any CPU
		{2478ECF8-5415-45F3-97C5-CC3EA539D13F}.Release|x86.ActiveCfg = Release|Any CPU
		{2478ECF8-5415-45F3-97C5-CC3EA539D13F}.Release|x86.Build.0 = Release|Any CPU
		{147D331A-804B-4298-BFFE-F2A367022584}.Debug|Any CPU.ActiveCfg = Debug|Any CPU
		{147D331A-804B-4298-BFFE-F2A367022584}.Debug|Any CPU.Build.0 = Debug|Any CPU
		{147D331A-804B-4298-BFFE-F2A367022584}.Debug|x64.ActiveCfg = Debug|Any CPU
		{147D331A-804B-4298-BFFE-F2A367022584}.Debug|x64.Build.0 = Debug|Any CPU
		{147D331A-804B-4298-BFFE-F2A367022584}.Debug|x86.ActiveCfg = Debug|Any CPU
		{147D331A-804B-4298-BFFE-F2A367022584}.Debug|x86.Build.0 = Debug|Any CPU
		{147D331A-804B-4298-BFFE-F2A367022584}.Release|Any CPU.ActiveCfg = Release|Any CPU
		{147D331A-804B-4298-BFFE-F2A367022584}.Release|Any CPU.Build.0 = Release|Any CPU
		{147D331A-804B-4298-BFFE-F2A367022584}.Release|x64.ActiveCfg = Release|Any CPU
		{147D331A-804B-4298-BFFE-F2A367022584}.Release|x64.Build.0 = Release|Any CPU
		{147D331A-804B-4298-BFFE-F2A367022584}.Release|x86.ActiveCfg = Release|Any CPU
		{147D331A-804B-4298-BFFE-F2A367022584}.Release|x86.Build.0 = Release|Any CPU
		{D516B3E2-5A23-426A-9324-88B143712692}.Debug|Any CPU.ActiveCfg = Debug|Any CPU
		{D516B3E2-5A23-426A-9324-88B143712692}.Debug|Any CPU.Build.0 = Debug|Any CPU
		{D516B3E2-5A23-426A-9324-88B143712692}.Debug|x64.ActiveCfg = Debug|Any CPU
		{D516B3E2-5A23-426A-9324-88B143712692}.Debug|x64.Build.0 = Debug|Any CPU
		{D516B3E2-5A23-426A-9324-88B143712692}.Debug|x86.ActiveCfg = Debug|Any CPU
		{D516B3E2-5A23-426A-9324-88B143712692}.Debug|x86.Build.0 = Debug|Any CPU
		{D516B3E2-5A23-426A-9324-88B143712692}.Release|Any CPU.ActiveCfg = Release|Any CPU
		{D516B3E2-5A23-426A-9324-88B143712692}.Release|Any CPU.Build.0 = Release|Any CPU
		{D516B3E2-5A23-426A-9324-88B143712692}.Release|x64.ActiveCfg = Release|Any CPU
		{D516B3E2-5A23-426A-9324-88B143712692}.Release|x64.Build.0 = Release|Any CPU
		{D516B3E2-5A23-426A-9324-88B143712692}.Release|x86.ActiveCfg = Release|Any CPU
		{D516B3E2-5A23-426A-9324-88B143712692}.Release|x86.Build.0 = Release|Any CPU
		{AF8FC952-6BFF-4F37-87E4-B75F5DA9BFC6}.Debug|Any CPU.ActiveCfg = Debug|Any CPU
		{AF8FC952-6BFF-4F37-87E4-B75F5DA9BFC6}.Debug|Any CPU.Build.0 = Debug|Any CPU
		{AF8FC952-6BFF-4F37-87E4-B75F5DA9BFC6}.Debug|x64.ActiveCfg = Debug|Any CPU
		{AF8FC952-6BFF-4F37-87E4-B75F5DA9BFC6}.Debug|x64.Build.0 = Debug|Any CPU
		{AF8FC952-6BFF-4F37-87E4-B75F5DA9BFC6}.Debug|x86.ActiveCfg = Debug|Any CPU
		{AF8FC952-6BFF-4F37-87E4-B75F5DA9BFC6}.Debug|x86.Build.0 = Debug|Any CPU
		{AF8FC952-6BFF-4F37-87E4-B75F5DA9BFC6}.Release|Any CPU.ActiveCfg = Release|Any CPU
		{AF8FC952-6BFF-4F37-87E4-B75F5DA9BFC6}.Release|Any CPU.Build.0 = Release|Any CPU
		{AF8FC952-6BFF-4F37-87E4-B75F5DA9BFC6}.Release|x64.ActiveCfg = Release|Any CPU
		{AF8FC952-6BFF-4F37-87E4-B75F5DA9BFC6}.Release|x64.Build.0 = Release|Any CPU
		{AF8FC952-6BFF-4F37-87E4-B75F5DA9BFC6}.Release|x86.ActiveCfg = Release|Any CPU
		{AF8FC952-6BFF-4F37-87E4-B75F5DA9BFC6}.Release|x86.Build.0 = Release|Any CPU
	EndGlobalSection
	GlobalSection(SolutionProperties) = preSolution
		HideSolutionNode = FALSE
	EndGlobalSection
	GlobalSection(NestedProjects) = preSolution
		{C18F900B-A8E6-4138-9AEA-3CA2CE1CC558} = {827E0CD3-B72D-47B6-A68D-7590B98EB39B}
		{033F1CEA-279A-494E-A6EF-35A0BB741D48} = {827E0CD3-B72D-47B6-A68D-7590B98EB39B}
		{49AD31D9-F397-4232-A52B-37C40F0D0D6E} = {827E0CD3-B72D-47B6-A68D-7590B98EB39B}
		{5E55EE32-62AC-4A7B-AA68-0F3A34163909} = {827E0CD3-B72D-47B6-A68D-7590B98EB39B}
		{414E9067-FC20-4B92-B911-9F492690AF21} = {827E0CD3-B72D-47B6-A68D-7590B98EB39B}
		{13A8AA07-FB72-4154-A25C-BEDBBB15BFDD} = {827E0CD3-B72D-47B6-A68D-7590B98EB39B}
		{0122D544-8533-48DE-82C6-BED908D56337} = {827E0CD3-B72D-47B6-A68D-7590B98EB39B}
		{CC490460-0CDF-41CD-B205-0FC69A2F676B} = {827E0CD3-B72D-47B6-A68D-7590B98EB39B}
		{345D51F8-7E69-4B19-9CAF-9A4ACD0EFEBE} = {827E0CD3-B72D-47B6-A68D-7590B98EB39B}
		{1BBC3822-022F-4DE4-AFE4-FD9B9D244DED} = {5D20AA90-6969-D8BD-9DCD-8634F4692FDA}
		{2478ECF8-5415-45F3-97C5-CC3EA539D13F} = {5D20AA90-6969-D8BD-9DCD-8634F4692FDA}
		{147D331A-804B-4298-BFFE-F2A367022584} = {5D20AA90-6969-D8BD-9DCD-8634F4692FDA}
		{D516B3E2-5A23-426A-9324-88B143712692} = {5D20AA90-6969-D8BD-9DCD-8634F4692FDA}
		{AF8FC952-6BFF-4F37-87E4-B75F5DA9BFC6} = {827E0CD3-B72D-47B6-A68D-7590B98EB39B}
	EndGlobalSection
EndGlobal
